
Microsoft Visual Studio Solution File, Format Version 12.00
# Visual Studio Version 17
VisualStudioVersion = 17.9.34701.34
MinimumVisualStudioVersion = 10.0.40219.1
Project("{FAE04EC0-301F-11D3-BF4B-00C04F79EFBC}") = "bussiness-social-media", "bussiness-social-media.csproj", "{A2BCFEA6-3BDD-4F33-A436-152AABBF9D94}"
EndProject
Global
	GlobalSection(SolutionConfigurationPlatforms) = preSolution
		Debug|Any CPU = Debug|Any CPU
		Release|Any CPU = Release|Any CPU
	EndGlobalSection
	GlobalSection(ProjectConfigurationPlatforms) = postSolution
		{A2BCFEA6-3BDD-4F33-A436-152AABBF9D94}.Debug|Any CPU.ActiveCfg = Debug|Any CPU
		{A2BCFEA6-3BDD-4F33-A436-152AABBF9D94}.Debug|Any CPU.Build.0 = Debug|Any CPU
		{A2BCFEA6-3BDD-4F33-A436-152AABBF9D94}.Release|Any CPU.ActiveCfg = Release|Any CPU
		{A2BCFEA6-3BDD-4F33-A436-152AABBF9D94}.Release|Any CPU.Build.0 = Release|Any CPU
	EndGlobalSection
	GlobalSection(SolutionProperties) = preSolution
		HideSolutionNode = FALSE
	EndGlobalSection
	GlobalSection(ExtensibilityGlobals) = postSolution
		SolutionGuid = {CF6639E8-9AE2-4AFF-9E39-3F4FA2C98D2C}
	EndGlobalSection
EndGlobal
